{
  "object": {
    "pins": [
      {
        "package": "AHFunctionalSwift",
        "repositoryURL": "https://github.com/Swift-Gurus/FunctionalSwift.git",
        "state": {
          "branch": null,
          "revision": "745ca576a5e64b9cb3d8e7ff2b52321a30cc4a7b",
          "version": "0.2.6"
        }
      }
    ]
  },
  "version": 1
}
