{
  "pins" : [
    {
      "identity" : "functionalswift",
      "kind" : "remoteSourceControl",
      "location" : "https://github.com/Swift-Gurus/FunctionalSwift.git",
      "state" : {
        "branch" : "master",
        "revision" : "b27982eda1fbe174f3d4983b937797226e116896"
      }
    }
  ],
  "version" : 2
}
